// !$*UTF8*$!
{
	archiveVersion = 1;
	classes = {
	};
	objectVersion = 46;
	objects = {

/* Begin PBXBuildFile section */
		A4430FEA1CC166AF0004341F /* CoreDataStackManager.swift in Sources */ = {isa = PBXBuildFile; fileRef = A4430FE91CC166AF0004341F /* CoreDataStackManager.swift */; };
		A4430FED1CC166D80004341F /* Model.xcdatamodeld in Sources */ = {isa = PBXBuildFile; fileRef = A4430FEB1CC166D80004341F /* Model.xcdatamodeld */; };
		A4430FF11CC2AF000004341F /* FlickerConstants.swift in Sources */ = {isa = PBXBuildFile; fileRef = A4430FF01CC2AF000004341F /* FlickerConstants.swift */; };
		A4430FF31CC2B1000004341F /* PhotoConstants.swift in Sources */ = {isa = PBXBuildFile; fileRef = A4430FF21CC2B1000004341F /* PhotoConstants.swift */; };
		A44310021CC2B9350004341F /* Icon-60@2x.png in Resources */ = {isa = PBXBuildFile; fileRef = A4430FF71CC2B9350004341F /* Icon-60@2x.png */; };
		A44310111CC676570004341F /* placeholder.png in Resources */ = {isa = PBXBuildFile; fileRef = A44310101CC676570004341F /* placeholder.png */; };
		A4C59BDF1CC08C5B00764036 /* AppDelegate.swift in Sources */ = {isa = PBXBuildFile; fileRef = A4C59BDE1CC08C5B00764036 /* AppDelegate.swift */; };
		A4C59BE41CC08C5B00764036 /* Main.storyboard in Resources */ = {isa = PBXBuildFile; fileRef = A4C59BE21CC08C5B00764036 /* Main.storyboard */; };
		A4C59BE91CC08C5B00764036 /* Assets.xcassets in Resources */ = {isa = PBXBuildFile; fileRef = A4C59BE81CC08C5B00764036 /* Assets.xcassets */; };
		A4C59BEC1CC08C5B00764036 /* LaunchScreen.storyboard in Resources */ = {isa = PBXBuildFile; fileRef = A4C59BEA1CC08C5B00764036 /* LaunchScreen.storyboard */; };
		A4C59BF61CC08F6800764036 /* Photo.swift in Sources */ = {isa = PBXBuildFile; fileRef = A4C59BF51CC08F6800764036 /* Photo.swift */; };
		A4C59BF81CC08F6E00764036 /* Pin.swift in Sources */ = {isa = PBXBuildFile; fileRef = A4C59BF71CC08F6E00764036 /* Pin.swift */; };
		A4C59BFA1CC08F7200764036 /* FlickrClient.swift in Sources */ = {isa = PBXBuildFile; fileRef = A4C59BF91CC08F7200764036 /* FlickrClient.swift */; };
		A4C59BFC1CC08F7600764036 /* ImageCache.swift in Sources */ = {isa = PBXBuildFile; fileRef = A4C59BFB1CC08F7600764036 /* ImageCache.swift */; };
		A4C59BFE1CC08F7A00764036 /* Preference.swift in Sources */ = {isa = PBXBuildFile; fileRef = A4C59BFD1CC08F7A00764036 /* Preference.swift */; };
		A4C59C001CC08F8100764036 /* TravelLocationsViewController.swift in Sources */ = {isa = PBXBuildFile; fileRef = A4C59BFF1CC08F8100764036 /* TravelLocationsViewController.swift */; };
		A4C59C021CC08F8800764036 /* PhotoAlbumViewController.swift in Sources */ = {isa = PBXBuildFile; fileRef = A4C59C011CC08F8800764036 /* PhotoAlbumViewController.swift */; };
		A4C59C041CC08F9200764036 /* PinAnnotation.swift in Sources */ = {isa = PBXBuildFile; fileRef = A4C59C031CC08F9200764036 /* PinAnnotation.swift */; };
		A4C59C061CC08F9700764036 /* PhotoCell.swift in Sources */ = {isa = PBXBuildFile; fileRef = A4C59C051CC08F9700764036 /* PhotoCell.swift */; };
		A4C59C081CC090BB00764036 /* MapKit.framework in Frameworks */ = {isa = PBXBuildFile; fileRef = A4C59C071CC090BB00764036 /* MapKit.framework */; };
/* End PBXBuildFile section */

/* Begin PBXFileReference section */
		A4430FE91CC166AF0004341F /* CoreDataStackManager.swift */ = {isa = PBXFileReference; fileEncoding = 4; lastKnownFileType = sourcecode.swift; path = CoreDataStackManager.swift; sourceTree = "<group>"; };
		A4430FEC1CC166D80004341F /* Model.xcdatamodel */ = {isa = PBXFileReference; lastKnownFileType = wrapper.xcdatamodel; path = Model.xcdatamodel; sourceTree = "<group>"; };
		A4430FF01CC2AF000004341F /* FlickerConstants.swift */ = {isa = PBXFileReference; fileEncoding = 4; lastKnownFileType = sourcecode.swift; path = FlickerConstants.swift; sourceTree = "<group>"; };
		A4430FF21CC2B1000004341F /* PhotoConstants.swift */ = {isa = PBXFileReference; fileEncoding = 4; lastKnownFileType = sourcecode.swift; path = PhotoConstants.swift; sourceTree = "<group>"; };
		A4430FF71CC2B9350004341F /* Icon-60@2x.png */ = {isa = PBXFileReference; lastKnownFileType = image.png; path = "Icon-60@2x.png"; sourceTree = "<group>"; };
		A44310101CC676570004341F /* placeholder.png */ = {isa = PBXFileReference; lastKnownFileType = image.png; path = placeholder.png; sourceTree = "<group>"; };
		A4C59BDB1CC08C5B00764036 /* Virtual Tourist.app */ = {isa = PBXFileReference; explicitFileType = wrapper.application; includeInIndex = 0; path = "Virtual Tourist.app"; sourceTree = BUILT_PRODUCTS_DIR; };
		A4C59BDE1CC08C5B00764036 /* AppDelegate.swift */ = {isa = PBXFileReference; lastKnownFileType = sourcecode.swift; path = AppDelegate.swift; sourceTree = "<group>"; };
		A4C59BE31CC08C5B00764036 /* Base */ = {isa = PBXFileReference; lastKnownFileType = file.storyboard; name = Base; path = Base.lproj/Main.storyboard; sourceTree = "<group>"; };
		A4C59BE81CC08C5B00764036 /* Assets.xcassets */ = {isa = PBXFileReference; lastKnownFileType = folder.assetcatalog; path = Assets.xcassets; sourceTree = "<group>"; };
		A4C59BEB1CC08C5B00764036 /* Base */ = {isa = PBXFileReference; lastKnownFileType = file.storyboard; name = Base; path = Base.lproj/LaunchScreen.storyboard; sourceTree = "<group>"; };
		A4C59BED1CC08C5B00764036 /* Info.plist */ = {isa = PBXFileReference; lastKnownFileType = text.plist.xml; path = Info.plist; sourceTree = "<group>"; };
		A4C59BF51CC08F6800764036 /* Photo.swift */ = {isa = PBXFileReference; fileEncoding = 4; lastKnownFileType = sourcecode.swift; path = Photo.swift; sourceTree = "<group>"; };
		A4C59BF71CC08F6E00764036 /* Pin.swift */ = {isa = PBXFileReference; fileEncoding = 4; lastKnownFileType = sourcecode.swift; path = Pin.swift; sourceTree = "<group>"; };
		A4C59BF91CC08F7200764036 /* FlickrClient.swift */ = {isa = PBXFileReference; fileEncoding = 4; lastKnownFileType = sourcecode.swift; path = FlickrClient.swift; sourceTree = "<group>"; };
		A4C59BFB1CC08F7600764036 /* ImageCache.swift */ = {isa = PBXFileReference; fileEncoding = 4; lastKnownFileType = sourcecode.swift; path = ImageCache.swift; sourceTree = "<group>"; };
		A4C59BFD1CC08F7A00764036 /* Preference.swift */ = {isa = PBXFileReference; fileEncoding = 4; lastKnownFileType = sourcecode.swift; path = Preference.swift; sourceTree = "<group>"; };
		A4C59BFF1CC08F8100764036 /* TravelLocationsViewController.swift */ = {isa = PBXFileReference; fileEncoding = 4; lastKnownFileType = sourcecode.swift; path = TravelLocationsViewController.swift; sourceTree = "<group>"; };
		A4C59C011CC08F8800764036 /* PhotoAlbumViewController.swift */ = {isa = PBXFileReference; fileEncoding = 4; lastKnownFileType = sourcecode.swift; path = PhotoAlbumViewController.swift; sourceTree = "<group>"; };
		A4C59C031CC08F9200764036 /* PinAnnotation.swift */ = {isa = PBXFileReference; fileEncoding = 4; lastKnownFileType = sourcecode.swift; path = PinAnnotation.swift; sourceTree = "<group>"; };
		A4C59C051CC08F9700764036 /* PhotoCell.swift */ = {isa = PBXFileReference; fileEncoding = 4; lastKnownFileType = sourcecode.swift; path = PhotoCell.swift; sourceTree = "<group>"; };
		A4C59C071CC090BB00764036 /* MapKit.framework */ = {isa = PBXFileReference; lastKnownFileType = wrapper.framework; name = MapKit.framework; path = System/Library/Frameworks/MapKit.framework; sourceTree = SDKROOT; };
/* End PBXFileReference section */

/* Begin PBXFrameworksBuildPhase section */
		A4C59BD81CC08C5B00764036 /* Frameworks */ = {
			isa = PBXFrameworksBuildPhase;
			buildActionMask = 2147483647;
			files = (
				A4C59C081CC090BB00764036 /* MapKit.framework in Frameworks */,
			);
			runOnlyForDeploymentPostprocessing = 0;
		};
/* End PBXFrameworksBuildPhase section */

/* Begin PBXGroup section */
		A4C59BD21CC08C5B00764036 = {
			isa = PBXGroup;
			children = (
				A4C59C071CC090BB00764036 /* MapKit.framework */,
				A4C59BDD1CC08C5B00764036 /* Virtual Tourist */,
				A4C59BDC1CC08C5B00764036 /* Products */,
			);
			sourceTree = "<group>";
		};
		A4C59BDC1CC08C5B00764036 /* Products */ = {
			isa = PBXGroup;
			children = (
				A4C59BDB1CC08C5B00764036 /* Virtual Tourist.app */,
			);
			name = Products;
			sourceTree = "<group>";
		};
		A4C59BDD1CC08C5B00764036 /* Virtual Tourist */ = {
			isa = PBXGroup;
			children = (
				A4C59BDE1CC08C5B00764036 /* AppDelegate.swift */,
				A4C59BF51CC08F6800764036 /* Photo.swift */,
				A4430FF21CC2B1000004341F /* PhotoConstants.swift */,
				A4C59C051CC08F9700764036 /* PhotoCell.swift */,
				A4C59BFB1CC08F7600764036 /* ImageCache.swift */,
				A4C59BF91CC08F7200764036 /* FlickrClient.swift */,
				A4430FF01CC2AF000004341F /* FlickerConstants.swift */,
				A4C59BFD1CC08F7A00764036 /* Preference.swift */,
				A4C59BFF1CC08F8100764036 /* TravelLocationsViewController.swift */,
				A4C59C011CC08F8800764036 /* PhotoAlbumViewController.swift */,
				A4C59BF71CC08F6E00764036 /* Pin.swift */,
				A4C59C031CC08F9200764036 /* PinAnnotation.swift */,
				A4430FE91CC166AF0004341F /* CoreDataStackManager.swift */,
				A4430FEB1CC166D80004341F /* Model.xcdatamodeld */,
				A4C59BE21CC08C5B00764036 /* Main.storyboard */,
				A4C59BE81CC08C5B00764036 /* Assets.xcassets */,
				A44310101CC676570004341F /* placeholder.png */,
				A4430FF71CC2B9350004341F /* Icon-60@2x.png */,
				A4C59BEA1CC08C5B00764036 /* LaunchScreen.storyboard */,
				A4C59BED1CC08C5B00764036 /* Info.plist */,
			);
			path = "Virtual Tourist";
			sourceTree = "<group>";
		};
/* End PBXGroup section */

/* Begin PBXNativeTarget section */
		A4C59BDA1CC08C5B00764036 /* Virtual Tourist */ = {
			isa = PBXNativeTarget;
			buildConfigurationList = A4C59BF01CC08C5B00764036 /* Build configuration list for PBXNativeTarget "Virtual Tourist" */;
			buildPhases = (
				A4C59BD71CC08C5B00764036 /* Sources */,
				A4C59BD81CC08C5B00764036 /* Frameworks */,
				A4C59BD91CC08C5B00764036 /* Resources */,
			);
			buildRules = (
			);
			dependencies = (
			);
			name = "Virtual Tourist";
			productName = "Virtual Tourist";
			productReference = A4C59BDB1CC08C5B00764036 /* Virtual Tourist.app */;
			productType = "com.apple.product-type.application";
		};
/* End PBXNativeTarget section */

/* Begin PBXProject section */
		A4C59BD31CC08C5B00764036 /* Project object */ = {
			isa = PBXProject;
			attributes = {
				LastSwiftUpdateCheck = 0730;
				LastUpgradeCheck = 0730;
				ORGANIZATIONNAME = josephdhooper;
				TargetAttributes = {
					A4C59BDA1CC08C5B00764036 = {
						CreatedOnToolsVersion = 7.3;
						DevelopmentTeam = 3HKHV448JP;
						SystemCapabilities = {
							com.apple.Maps.iOS = {
								enabled = 1;
							};
						};
					};
				};
			};
			buildConfigurationList = A4C59BD61CC08C5B00764036 /* Build configuration list for PBXProject "Virtual Tourist" */;
			compatibilityVersion = "Xcode 3.2";
			developmentRegion = English;
			hasScannedForEncodings = 0;
			knownRegions = (
				en,
				Base,
			);
			mainGroup = A4C59BD21CC08C5B00764036;
			productRefGroup = A4C59BDC1CC08C5B00764036 /* Products */;
			projectDirPath = "";
			projectRoot = "";
			targets = (
				A4C59BDA1CC08C5B00764036 /* Virtual Tourist */,
			);
		};
/* End PBXProject section */

/* Begin PBXResourcesBuildPhase section */
		A4C59BD91CC08C5B00764036 /* Resources */ = {
			isa = PBXResourcesBuildPhase;
			buildActionMask = 2147483647;
			files = (
				A4C59BEC1CC08C5B00764036 /* LaunchScreen.storyboard in Resources */,
				A4C59BE91CC08C5B00764036 /* Assets.xcassets in Resources */,
				A44310021CC2B9350004341F /* Icon-60@2x.png in Resources */,
				A44310111CC676570004341F /* placeholder.png in Resources */,
				A4C59BE41CC08C5B00764036 /* Main.storyboard in Resources */,
			);
			runOnlyForDeploymentPostprocessing = 0;
		};
/* End PBXResourcesBuildPhase section */

/* Begin PBXSourcesBuildPhase section */
		A4C59BD71CC08C5B00764036 /* Sources */ = {
			isa = PBXSourcesBuildPhase;
			buildActionMask = 2147483647;
			files = (
				A4C59C041CC08F9200764036 /* PinAnnotation.swift in Sources */,
				A4C59BF81CC08F6E00764036 /* Pin.swift in Sources */,
				A4430FF31CC2B1000004341F /* PhotoConstants.swift in Sources */,
				A4430FF11CC2AF000004341F /* FlickerConstants.swift in Sources */,
				A4430FEA1CC166AF0004341F /* CoreDataStackManager.swift in Sources */,
				A4C59BF61CC08F6800764036 /* Photo.swift in Sources */,
				A4C59BFE1CC08F7A00764036 /* Preference.swift in Sources */,
				A4C59C061CC08F9700764036 /* PhotoCell.swift in Sources */,
				A4C59C021CC08F8800764036 /* PhotoAlbumViewController.swift in Sources */,
				A4C59C001CC08F8100764036 /* TravelLocationsViewController.swift in Sources */,
				A4C59BDF1CC08C5B00764036 /* AppDelegate.swift in Sources */,
				A4C59BFC1CC08F7600764036 /* ImageCache.swift in Sources */,
				A4C59BFA1CC08F7200764036 /* FlickrClient.swift in Sources */,
				A4430FED1CC166D80004341F /* Model.xcdatamodeld in Sources */,
			);
			runOnlyForDeploymentPostprocessing = 0;
		};
/* End PBXSourcesBuildPhase section */

/* Begin PBXVariantGroup section */
		A4C59BE21CC08C5B00764036 /* Main.storyboard */ = {
			isa = PBXVariantGroup;
			children = (
				A4C59BE31CC08C5B00764036 /* Base */,
			);
			name = Main.storyboard;
			sourceTree = "<group>";
		};
		A4C59BEA1CC08C5B00764036 /* LaunchScreen.storyboard */ = {
			isa = PBXVariantGroup;
			children = (
				A4C59BEB1CC08C5B00764036 /* Base */,
			);
			name = LaunchScreen.storyboard;
			sourceTree = "<group>";
		};
/* End PBXVariantGroup section */

/* Begin XCBuildConfiguration section */
		A4C59BEE1CC08C5B00764036 /* Debug */ = {
			isa = XCBuildConfiguration;
			buildSettings = {
				ALWAYS_SEARCH_USER_PATHS = NO;
				CLANG_ANALYZER_NONNULL = YES;
				CLANG_CXX_LANGUAGE_STANDARD = "gnu++0x";
				CLANG_CXX_LIBRARY = "libc++";
				CLANG_ENABLE_MODULES = YES;
				CLANG_ENABLE_OBJC_ARC = YES;
				CLANG_WARN_BOOL_CONVERSION = YES;
				CLANG_WARN_CONSTANT_CONVERSION = YES;
				CLANG_WARN_DIRECT_OBJC_ISA_USAGE = YES_ERROR;
				CLANG_WARN_EMPTY_BODY = YES;
				CLANG_WARN_ENUM_CONVERSION = YES;
				CLANG_WARN_INT_CONVERSION = YES;
				CLANG_WARN_OBJC_ROOT_CLASS = YES_ERROR;
				CLANG_WARN_UNREACHABLE_CODE = YES;
				CLANG_WARN__DUPLICATE_METHOD_MATCH = YES;
				"CODE_SIGN_IDENTITY[sdk=iphoneos*]" = "iPhone Developer";
				COPY_PHASE_STRIP = NO;
				DEBUG_INFORMATION_FORMAT = dwarf;
				ENABLE_STRICT_OBJC_MSGSEND = YES;
				ENABLE_TESTABILITY = YES;
				GCC_C_LANGUAGE_STANDARD = gnu99;
				GCC_DYNAMIC_NO_PIC = NO;
				GCC_NO_COMMON_BLOCKS = YES;
				GCC_OPTIMIZATION_LEVEL = 0;
				GCC_PREPROCESSOR_DEFINITIONS = (
					"DEBUG=1",
					"$(inherited)",
				);
				GCC_WARN_64_TO_32_BIT_CONVERSION = YES;
				GCC_WARN_ABOUT_RETURN_TYPE = YES_ERROR;
				GCC_WARN_UNDECLARED_SELECTOR = YES;
				GCC_WARN_UNINITIALIZED_AUTOS = YES_AGGRESSIVE;
				GCC_WARN_UNUSED_FUNCTION = YES;
				GCC_WARN_UNUSED_VARIABLE = YES;
				IPHONEOS_DEPLOYMENT_TARGET = 9.3;
				MTL_ENABLE_DEBUG_INFO = YES;
				ONLY_ACTIVE_ARCH = YES;
				SDKROOT = iphoneos;
				SWIFT_OPTIMIZATION_LEVEL = "-Onone";
			};
			name = Debug;
		};
		A4C59BEF1CC08C5B00764036 /* Release */ = {
			isa = XCBuildConfiguration;
			buildSettings = {
				ALWAYS_SEARCH_USER_PATHS = NO;
				CLANG_ANALYZER_NONNULL = YES;
				CLANG_CXX_LANGUAGE_STANDARD = "gnu++0x";
				CLANG_CXX_LIBRARY = "libc++";
				CLANG_ENABLE_MODULES = YES;
				CLANG_ENABLE_OBJC_ARC = YES;
				CLANG_WARN_BOOL_CONVERSION = YES;
				CLANG_WARN_CONSTANT_CONVERSION = YES;
				CLANG_WARN_DIRECT_OBJC_ISA_USAGE = YES_ERROR;
				CLANG_WARN_EMPTY_BODY = YES;
				CLANG_WARN_ENUM_CONVERSION = YES;
				CLANG_WARN_INT_CONVERSION = YES;
				CLANG_WARN_OBJC_ROOT_CLASS = YES_ERROR;
				CLANG_WARN_UNREACHABLE_CODE = YES;
				CLANG_WARN__DUPLICATE_METHOD_MATCH = YES;
				"CODE_SIGN_IDENTITY[sdk=iphoneos*]" = "iPhone Developer";
				COPY_PHASE_STRIP = NO;
				DEBUG_INFORMATION_FORMAT = "dwarf-with-dsym";
				ENABLE_NS_ASSERTIONS = NO;
				ENABLE_STRICT_OBJC_MSGSEND = YES;
				GCC_C_LANGUAGE_STANDARD = gnu99;
				GCC_NO_COMMON_BLOCKS = YES;
				GCC_WARN_64_TO_32_BIT_CONVERSION = YES;
				GCC_WARN_ABOUT_RETURN_TYPE = YES_ERROR;
				GCC_WARN_UNDECLARED_SELECTOR = YES;
				GCC_WARN_UNINITIALIZED_AUTOS = YES_AGGRESSIVE;
				GCC_WARN_UNUSED_FUNCTION = YES;
				GCC_WARN_UNUSED_VARIABLE = YES;
				IPHONEOS_DEPLOYMENT_TARGET = 9.3;
				MTL_ENABLE_DEBUG_INFO = NO;
				SDKROOT = iphoneos;
				VALIDATE_PRODUCT = YES;
			};
			name = Release;
		};
		A4C59BF11CC08C5B00764036 /* Debug */ = {
			isa = XCBuildConfiguration;
			buildSettings = {
				ASSETCATALOG_COMPILER_APPICON_NAME = AppIcon;
				INFOPLIST_FILE = "Virtual Tourist/Info.plist";
				LD_RUNPATH_SEARCH_PATHS = "$(inherited) @executable_path/Frameworks";
				PRODUCT_BUNDLE_IDENTIFIER = "com.josephdhooper.Virtual-Tourist";
				PRODUCT_NAME = "$(TARGET_NAME)";
			};
			name = Debug;
		};
		A4C59BF21CC08C5B00764036 /* Release */ = {
			isa = XCBuildConfiguration;
			buildSettings = {
				ASSETCATALOG_COMPILER_APPICON_NAME = AppIcon;
				INFOPLIST_FILE = "Virtual Tourist/Info.plist";
				LD_RUNPATH_SEARCH_PATHS = "$(inherited) @executable_path/Frameworks";
				PRODUCT_BUNDLE_IDENTIFIER = "com.josephdhooper.Virtual-Tourist";
				PRODUCT_NAME = "$(TARGET_NAME)";
			};
			name = Release;
		};
/* End XCBuildConfiguration section */

/* Begin XCConfigurationList section */
		A4C59BD61CC08C5B00764036 /* Build configuration list for PBXProject "Virtual Tourist" */ = {
			isa = XCConfigurationList;
			buildConfigurations = (
				A4C59BEE1CC08C5B00764036 /* Debug */,
				A4C59BEF1CC08C5B00764036 /* Release */,
			);
			defaultConfigurationIsVisible = 0;
			defaultConfigurationName = Release;
		};
		A4C59BF01CC08C5B00764036 /* Build configuration list for PBXNativeTarget "Virtual Tourist" */ = {
			isa = XCConfigurationList;
			buildConfigurations = (
				A4C59BF11CC08C5B00764036 /* Debug */,
				A4C59BF21CC08C5B00764036 /* Release */,
			);
			defaultConfigurationIsVisible = 0;
			defaultConfigurationName = Release;
		};
/* End XCConfigurationList section */

/* Begin XCVersionGroup section */
		A4430FEB1CC166D80004341F /* Model.xcdatamodeld */ = {
			isa = XCVersionGroup;
			children = (
				A4430FEC1CC166D80004341F /* Model.xcdatamodel */,
			);
			currentVersion = A4430FEC1CC166D80004341F /* Model.xcdatamodel */;
			path = Model.xcdatamodeld;
			sourceTree = "<group>";
			versionGroupType = wrapper.xcdatamodel;
		};
/* End XCVersionGroup section */
	};
	rootObject = A4C59BD31CC08C5B00764036 /* Project object */;
}
